// !$*UTF8*$!
{
	archiveVersion = 1;
	classes = {
	};
	objectVersion = 55;
	objects = {

/* Begin PBXBuildFile section */
		BB438BD827D86D3000B6E922 /* SwiftUI_practiceApp.swift in Sources */ = {isa = PBXBuildFile; fileRef = BB438BD727D86D3000B6E922 /* SwiftUI_practiceApp.swift */; };
		BB438BDA27D86D3000B6E922 /* ContentView.swift in Sources */ = {isa = PBXBuildFile; fileRef = BB438BD927D86D3000B6E922 /* ContentView.swift */; };
		BB438BDC27D86D3000B6E922 /* Assets.xcassets in Resources */ = {isa = PBXBuildFile; fileRef = BB438BDB27D86D3000B6E922 /* Assets.xcassets */; };
		BB438BDF27D86D3000B6E922 /* Preview Assets.xcassets in Resources */ = {isa = PBXBuildFile; fileRef = BB438BDE27D86D3000B6E922 /* Preview Assets.xcassets */; };
		BB438BE627D86D4900B6E922 /* MyProjectCard.swift in Sources */ = {isa = PBXBuildFile; fileRef = BB438BE527D86D4900B6E922 /* MyProjectCard.swift */; };
		BB438BE827D871B900B6E922 /* MyBasicCard.swift in Sources */ = {isa = PBXBuildFile; fileRef = BB438BE727D871B900B6E922 /* MyBasicCard.swift */; };
		BB438BEA27D886BE00B6E922 /* MyCard.swift in Sources */ = {isa = PBXBuildFile; fileRef = BB438BE927D886BE00B6E922 /* MyCard.swift */; };
		BB438BEC27DA537300B6E922 /* MyList.swift in Sources */ = {isa = PBXBuildFile; fileRef = BB438BEB27DA537300B6E922 /* MyList.swift */; };
		BBDAC18527DCD85F0028ED74 /* MyNavigationView.swift in Sources */ = {isa = PBXBuildFile; fileRef = BBDAC18427DCD85F0028ED74 /* MyNavigationView.swift */; };
		BBDAC18727DCF5710028ED74 /* MyProfile.swift in Sources */ = {isa = PBXBuildFile; fileRef = BBDAC18627DCF5710028ED74 /* MyProfile.swift */; };
		BBDAC18927DD115B0028ED74 /* MyGeometryBuilder.swift in Sources */ = {isa = PBXBuildFile; fileRef = BBDAC18827DD115B0028ED74 /* MyGeometryBuilder.swift */; };
		BBDAC18B27DD198C0028ED74 /* MyVerticalGeoMetryBuilder.swift in Sources */ = {isa = PBXBuildFile; fileRef = BBDAC18A27DD198C0028ED74 /* MyVerticalGeoMetryBuilder.swift */; };
		BBDAC18F27DE687C0028ED74 /* MyTabView.swift in Sources */ = {isa = PBXBuildFile; fileRef = BBDAC18E27DE687C0028ED74 /* MyTabView.swift */; };
		BBDAC19127DE69950028ED74 /* MyView.swift in Sources */ = {isa = PBXBuildFile; fileRef = BBDAC19027DE69950028ED74 /* MyView.swift */; };
/* End PBXBuildFile section */

/* Begin PBXFileReference section */
		BB438BD427D86D3000B6E922 /* SwiftUI_practice.app */ = {isa = PBXFileReference; explicitFileType = wrapper.application; includeInIndex = 0; path = SwiftUI_practice.app; sourceTree = BUILT_PRODUCTS_DIR; };
		BB438BD727D86D3000B6E922 /* SwiftUI_practiceApp.swift */ = {isa = PBXFileReference; lastKnownFileType = sourcecode.swift; path = SwiftUI_practiceApp.swift; sourceTree = "<group>"; };
		BB438BD927D86D3000B6E922 /* ContentView.swift */ = {isa = PBXFileReference; lastKnownFileType = sourcecode.swift; path = ContentView.swift; sourceTree = "<group>"; };
		BB438BDB27D86D3000B6E922 /* Assets.xcassets */ = {isa = PBXFileReference; lastKnownFileType = folder.assetcatalog; path = Assets.xcassets; sourceTree = "<group>"; };
		BB438BDE27D86D3000B6E922 /* Preview Assets.xcassets */ = {isa = PBXFileReference; lastKnownFileType = folder.assetcatalog; path = "Preview Assets.xcassets"; sourceTree = "<group>"; };
		BB438BE527D86D4900B6E922 /* MyProjectCard.swift */ = {isa = PBXFileReference; lastKnownFileType = sourcecode.swift; path = MyProjectCard.swift; sourceTree = "<group>"; };
		BB438BE727D871B900B6E922 /* MyBasicCard.swift */ = {isa = PBXFileReference; lastKnownFileType = sourcecode.swift; path = MyBasicCard.swift; sourceTree = "<group>"; };
		BB438BE927D886BE00B6E922 /* MyCard.swift */ = {isa = PBXFileReference; lastKnownFileType = sourcecode.swift; path = MyCard.swift; sourceTree = "<group>"; };
		BB438BEB27DA537300B6E922 /* MyList.swift */ = {isa = PBXFileReference; lastKnownFileType = sourcecode.swift; path = MyList.swift; sourceTree = "<group>"; };
		BBDAC18427DCD85F0028ED74 /* MyNavigationView.swift */ = {isa = PBXFileReference; lastKnownFileType = sourcecode.swift; path = MyNavigationView.swift; sourceTree = "<group>"; };
		BBDAC18627DCF5710028ED74 /* MyProfile.swift */ = {isa = PBXFileReference; lastKnownFileType = sourcecode.swift; path = MyProfile.swift; sourceTree = "<group>"; };
		BBDAC18827DD115B0028ED74 /* MyGeometryBuilder.swift */ = {isa = PBXFileReference; lastKnownFileType = sourcecode.swift; path = MyGeometryBuilder.swift; sourceTree = "<group>"; };
		BBDAC18A27DD198C0028ED74 /* MyVerticalGeoMetryBuilder.swift */ = {isa = PBXFileReference; lastKnownFileType = sourcecode.swift; path = MyVerticalGeoMetryBuilder.swift; sourceTree = "<group>"; };
		BBDAC18E27DE687C0028ED74 /* MyTabView.swift */ = {isa = PBXFileReference; lastKnownFileType = sourcecode.swift; path = MyTabView.swift; sourceTree = "<group>"; };
		BBDAC19027DE69950028ED74 /* MyView.swift */ = {isa = PBXFileReference; lastKnownFileType = sourcecode.swift; path = MyView.swift; sourceTree = "<group>"; };
/* End PBXFileReference section */

/* Begin PBXFrameworksBuildPhase section */
		BB438BD127D86D3000B6E922 /* Frameworks */ = {
			isa = PBXFrameworksBuildPhase;
			buildActionMask = 2147483647;
			files = (
			);
			runOnlyForDeploymentPostprocessing = 0;
		};
/* End PBXFrameworksBuildPhase section */

/* Begin PBXGroup section */
		BB438BCB27D86D3000B6E922 = {
			isa = PBXGroup;
			children = (
				BB438BD627D86D3000B6E922 /* SwiftUI_practice */,
				BB438BD527D86D3000B6E922 /* Products */,
			);
			sourceTree = "<group>";
		};
		BB438BD527D86D3000B6E922 /* Products */ = {
			isa = PBXGroup;
			children = (
				BB438BD427D86D3000B6E922 /* SwiftUI_practice.app */,
			);
			name = Products;
			sourceTree = "<group>";
		};
		BB438BD627D86D3000B6E922 /* SwiftUI_practice */ = {
			isa = PBXGroup;
			children = (
				BB438BD727D86D3000B6E922 /* SwiftUI_practiceApp.swift */,
				BB438BD927D86D3000B6E922 /* ContentView.swift */,
				BBDAC18427DCD85F0028ED74 /* MyNavigationView.swift */,
				BB438BE527D86D4900B6E922 /* MyProjectCard.swift */,
				BBDAC18627DCF5710028ED74 /* MyProfile.swift */,
				BB438BE727D871B900B6E922 /* MyBasicCard.swift */,
				BB438BE927D886BE00B6E922 /* MyCard.swift */,
				BB438BEB27DA537300B6E922 /* MyList.swift */,
				BBDAC18C27DE684E0028ED74 /* Geometry */,
				BBDAC18D27DE68680028ED74 /* TabBar */,
				BB438BDB27D86D3000B6E922 /* Assets.xcassets */,
				BB438BDD27D86D3000B6E922 /* Preview Content */,
			);
			path = SwiftUI_practice;
			sourceTree = "<group>";
		};
		BB438BDD27D86D3000B6E922 /* Preview Content */ = {
			isa = PBXGroup;
			children = (
				BB438BDE27D86D3000B6E922 /* Preview Assets.xcassets */,
			);
			path = "Preview Content";
			sourceTree = "<group>";
		};
		BBDAC18C27DE684E0028ED74 /* Geometry */ = {
			isa = PBXGroup;
			children = (
				BBDAC18827DD115B0028ED74 /* MyGeometryBuilder.swift */,
				BBDAC18A27DD198C0028ED74 /* MyVerticalGeoMetryBuilder.swift */,
			);
			path = Geometry;
			sourceTree = "<group>";
		};
		BBDAC18D27DE68680028ED74 /* TabBar */ = {
			isa = PBXGroup;
			children = (
				BBDAC18E27DE687C0028ED74 /* MyTabView.swift */,
				BBDAC19027DE69950028ED74 /* MyView.swift */,
			);
			path = TabBar;
			sourceTree = "<group>";
		};
/* End PBXGroup section */

/* Begin PBXNativeTarget section */
		BB438BD327D86D3000B6E922 /* SwiftUI_practice */ = {
			isa = PBXNativeTarget;
			buildConfigurationList = BB438BE227D86D3000B6E922 /* Build configuration list for PBXNativeTarget "SwiftUI_practice" */;
			buildPhases = (
				BB438BD027D86D3000B6E922 /* Sources */,
				BB438BD127D86D3000B6E922 /* Frameworks */,
				BB438BD227D86D3000B6E922 /* Resources */,
			);
			buildRules = (
			);
			dependencies = (
			);
			name = SwiftUI_practice;
			productName = SwiftUI_practice;
			productReference = BB438BD427D86D3000B6E922 /* SwiftUI_practice.app */;
			productType = "com.apple.product-type.application";
		};
/* End PBXNativeTarget section */

/* Begin PBXProject section */
		BB438BCC27D86D3000B6E922 /* Project object */ = {
			isa = PBXProject;
			attributes = {
				BuildIndependentTargetsInParallel = 1;
				LastSwiftUpdateCheck = 1320;
				LastUpgradeCheck = 1320;
				TargetAttributes = {
					BB438BD327D86D3000B6E922 = {
						CreatedOnToolsVersion = 13.2.1;
					};
				};
			};
			buildConfigurationList = BB438BCF27D86D3000B6E922 /* Build configuration list for PBXProject "SwiftUI_practice" */;
			compatibilityVersion = "Xcode 13.0";
			developmentRegion = en;
			hasScannedForEncodings = 0;
			knownRegions = (
				en,
				Base,
			);
			mainGroup = BB438BCB27D86D3000B6E922;
			productRefGroup = BB438BD527D86D3000B6E922 /* Products */;
			projectDirPath = "";
			projectRoot = "";
			targets = (
				BB438BD327D86D3000B6E922 /* SwiftUI_practice */,
			);
		};
/* End PBXProject section */

/* Begin PBXResourcesBuildPhase section */
		BB438BD227D86D3000B6E922 /* Resources */ = {
			isa = PBXResourcesBuildPhase;
			buildActionMask = 2147483647;
			files = (
				BB438BDF27D86D3000B6E922 /* Preview Assets.xcassets in Resources */,
				BB438BDC27D86D3000B6E922 /* Assets.xcassets in Resources */,
			);
			runOnlyForDeploymentPostprocessing = 0;
		};
/* End PBXResourcesBuildPhase section */

/* Begin PBXSourcesBuildPhase section */
		BB438BD027D86D3000B6E922 /* Sources */ = {
			isa = PBXSourcesBuildPhase;
			buildActionMask = 2147483647;
			files = (
				BBDAC19127DE69950028ED74 /* MyView.swift in Sources */,
				BB438BE627D86D4900B6E922 /* MyProjectCard.swift in Sources */,
				BBDAC18F27DE687C0028ED74 /* MyTabView.swift in Sources */,
				BBDAC18727DCF5710028ED74 /* MyProfile.swift in Sources */,
				BB438BDA27D86D3000B6E922 /* ContentView.swift in Sources */,
				BBDAC18B27DD198C0028ED74 /* MyVerticalGeoMetryBuilder.swift in Sources */,
				BBDAC18927DD115B0028ED74 /* MyGeometryBuilder.swift in Sources */,
				BB438BE827D871B900B6E922 /* MyBasicCard.swift in Sources */,
				BB438BEA27D886BE00B6E922 /* MyCard.swift in Sources */,
				BB438BD827D86D3000B6E922 /* SwiftUI_practiceApp.swift in Sources */,
				BB438BEC27DA537300B6E922 /* MyList.swift in Sources */,
				BBDAC18527DCD85F0028ED74 /* MyNavigationView.swift in Sources */,
			);
			runOnlyForDeploymentPostprocessing = 0;
		};
/* End PBXSourcesBuildPhase section */

/* Begin XCBuildConfiguration section */
		BB438BE027D86D3000B6E922 /* Debug */ = {
			isa = XCBuildConfiguration;
			buildSettings = {
				ALWAYS_SEARCH_USER_PATHS = NO;
				CLANG_ANALYZER_NONNULL = YES;
				CLANG_ANALYZER_NUMBER_OBJECT_CONVERSION = YES_AGGRESSIVE;
				CLANG_CXX_LANGUAGE_STANDARD = "gnu++17";
				CLANG_CXX_LIBRARY = "libc++";
				CLANG_ENABLE_MODULES = YES;
				CLANG_ENABLE_OBJC_ARC = YES;
				CLANG_ENABLE_OBJC_WEAK = YES;
				CLANG_WARN_BLOCK_CAPTURE_AUTORELEASING = YES;
				CLANG_WARN_BOOL_CONVERSION = YES;
				CLANG_WARN_COMMA = YES;
				CLANG_WARN_CONSTANT_CONVERSION = YES;
				CLANG_WARN_DEPRECATED_OBJC_IMPLEMENTATIONS = YES;
				CLANG_WARN_DIRECT_OBJC_ISA_USAGE = YES_ERROR;
				CLANG_WARN_DOCUMENTATION_COMMENTS = YES;
				CLANG_WARN_EMPTY_BODY = YES;
				CLANG_WARN_ENUM_CONVERSION = YES;
				CLANG_WARN_INFINITE_RECURSION = YES;
				CLANG_WARN_INT_CONVERSION = YES;
				CLANG_WARN_NON_LITERAL_NULL_CONVERSION = YES;
				CLANG_WARN_OBJC_IMPLICIT_RETAIN_SELF = YES;
				CLANG_WARN_OBJC_LITERAL_CONVERSION = YES;
				CLANG_WARN_OBJC_ROOT_CLASS = YES_ERROR;
				CLANG_WARN_QUOTED_INCLUDE_IN_FRAMEWORK_HEADER = YES;
				CLANG_WARN_RANGE_LOOP_ANALYSIS = YES;
				CLANG_WARN_STRICT_PROTOTYPES = YES;
				CLANG_WARN_SUSPICIOUS_MOVE = YES;
				CLANG_WARN_UNGUARDED_AVAILABILITY = YES_AGGRESSIVE;
				CLANG_WARN_UNREACHABLE_CODE = YES;
				CLANG_WARN__DUPLICATE_METHOD_MATCH = YES;
				COPY_PHASE_STRIP = NO;
				DEBUG_INFORMATION_FORMAT = dwarf;
				ENABLE_STRICT_OBJC_MSGSEND = YES;
				ENABLE_TESTABILITY = YES;
				GCC_C_LANGUAGE_STANDARD = gnu11;
				GCC_DYNAMIC_NO_PIC = NO;
				GCC_NO_COMMON_BLOCKS = YES;
				GCC_OPTIMIZATION_LEVEL = 0;
				GCC_PREPROCESSOR_DEFINITIONS = (
					"DEBUG=1",
					"$(inherited)",
				);
				GCC_WARN_64_TO_32_BIT_CONVERSION = YES;
				GCC_WARN_ABOUT_RETURN_TYPE = YES_ERROR;
				GCC_WARN_UNDECLARED_SELECTOR = YES;
				GCC_WARN_UNINITIALIZED_AUTOS = YES_AGGRESSIVE;
				GCC_WARN_UNUSED_FUNCTION = YES;
				GCC_WARN_UNUSED_VARIABLE = YES;
				IPHONEOS_DEPLOYMENT_TARGET = 15.2;
				MTL_ENABLE_DEBUG_INFO = INCLUDE_SOURCE;
				MTL_FAST_MATH = YES;
				ONLY_ACTIVE_ARCH = YES;
				SDKROOT = iphoneos;
				SWIFT_ACTIVE_COMPILATION_CONDITIONS = DEBUG;
				SWIFT_OPTIMIZATION_LEVEL = "-Onone";
			};
			name = Debug;
		};
		BB438BE127D86D3000B6E922 /* Release */ = {
			isa = XCBuildConfiguration;
			buildSettings = {
				ALWAYS_SEARCH_USER_PATHS = NO;
				CLANG_ANALYZER_NONNULL = YES;
				CLANG_ANALYZER_NUMBER_OBJECT_CONVERSION = YES_AGGRESSIVE;
				CLANG_CXX_LANGUAGE_STANDARD = "gnu++17";
				CLANG_CXX_LIBRARY = "libc++";
				CLANG_ENABLE_MODULES = YES;
				CLANG_ENABLE_OBJC_ARC = YES;
				CLANG_ENABLE_OBJC_WEAK = YES;
				CLANG_WARN_BLOCK_CAPTURE_AUTORELEASING = YES;
				CLANG_WARN_BOOL_CONVERSION = YES;
				CLANG_WARN_COMMA = YES;
				CLANG_WARN_CONSTANT_CONVERSION = YES;
				CLANG_WARN_DEPRECATED_OBJC_IMPLEMENTATIONS = YES;
				CLANG_WARN_DIRECT_OBJC_ISA_USAGE = YES_ERROR;
				CLANG_WARN_DOCUMENTATION_COMMENTS = YES;
				CLANG_WARN_EMPTY_BODY = YES;
				CLANG_WARN_ENUM_CONVERSION = YES;
				CLANG_WARN_INFINITE_RECURSION = YES;
				CLANG_WARN_INT_CONVERSION = YES;
				CLANG_WARN_NON_LITERAL_NULL_CONVERSION = YES;
				CLANG_WARN_OBJC_IMPLICIT_RETAIN_SELF = YES;
				CLANG_WARN_OBJC_LITERAL_CONVERSION = YES;
				CLANG_WARN_OBJC_ROOT_CLASS = YES_ERROR;
				CLANG_WARN_QUOTED_INCLUDE_IN_FRAMEWORK_HEADER = YES;
				CLANG_WARN_RANGE_LOOP_ANALYSIS = YES;
				CLANG_WARN_STRICT_PROTOTYPES = YES;
				CLANG_WARN_SUSPICIOUS_MOVE = YES;
				CLANG_WARN_UNGUARDED_AVAILABILITY = YES_AGGRESSIVE;
				CLANG_WARN_UNREACHABLE_CODE = YES;
				CLANG_WARN__DUPLICATE_METHOD_MATCH = YES;
				COPY_PHASE_STRIP = NO;
				DEBUG_INFORMATION_FORMAT = "dwarf-with-dsym";
				ENABLE_NS_ASSERTIONS = NO;
				ENABLE_STRICT_OBJC_MSGSEND = YES;
				GCC_C_LANGUAGE_STANDARD = gnu11;
				GCC_NO_COMMON_BLOCKS = YES;
				GCC_WARN_64_TO_32_BIT_CONVERSION = YES;
				GCC_WARN_ABOUT_RETURN_TYPE = YES_ERROR;
				GCC_WARN_UNDECLARED_SELECTOR = YES;
				GCC_WARN_UNINITIALIZED_AUTOS = YES_AGGRESSIVE;
				GCC_WARN_UNUSED_FUNCTION = YES;
				GCC_WARN_UNUSED_VARIABLE = YES;
				IPHONEOS_DEPLOYMENT_TARGET = 15.2;
				MTL_ENABLE_DEBUG_INFO = NO;
				MTL_FAST_MATH = YES;
				SDKROOT = iphoneos;
				SWIFT_COMPILATION_MODE = wholemodule;
				SWIFT_OPTIMIZATION_LEVEL = "-O";
				VALIDATE_PRODUCT = YES;
			};
			name = Release;
		};
		BB438BE327D86D3000B6E922 /* Debug */ = {
			isa = XCBuildConfiguration;
			buildSettings = {
				ASSETCATALOG_COMPILER_APPICON_NAME = AppIcon;
				ASSETCATALOG_COMPILER_GLOBAL_ACCENT_COLOR_NAME = AccentColor;
				CODE_SIGN_STYLE = Automatic;
				CURRENT_PROJECT_VERSION = 1;
				DEVELOPMENT_ASSET_PATHS = "\"SwiftUI_practice/Preview Content\"";
				DEVELOPMENT_TEAM = 92B5D498S7;
				ENABLE_PREVIEWS = YES;
				GENERATE_INFOPLIST_FILE = YES;
				INFOPLIST_KEY_UIApplicationSceneManifest_Generation = YES;
				INFOPLIST_KEY_UIApplicationSupportsIndirectInputEvents = YES;
				INFOPLIST_KEY_UILaunchScreen_Generation = YES;
				INFOPLIST_KEY_UISupportedInterfaceOrientations_iPad = "UIInterfaceOrientationPortrait UIInterfaceOrientationPortraitUpsideDown UIInterfaceOrientationLandscapeLeft UIInterfaceOrientationLandscapeRight";
				INFOPLIST_KEY_UISupportedInterfaceOrientations_iPhone = "UIInterfaceOrientationPortrait UIInterfaceOrientationLandscapeLeft UIInterfaceOrientationLandscapeRight";
				LD_RUNPATH_SEARCH_PATHS = (
					"$(inherited)",
					"@executable_path/Frameworks",
				);
				MARKETING_VERSION = 1.0;
				PRODUCT_BUNDLE_IDENTIFIER = "co.januaryOne.SwiftUI-practice";
				PRODUCT_NAME = "$(TARGET_NAME)";
				SWIFT_EMIT_LOC_STRINGS = YES;
				SWIFT_VERSION = 5.0;
				TARGETED_DEVICE_FAMILY = "1,2";
			};
			name = Debug;
		};
		BB438BE427D86D3000B6E922 /* Release */ = {
			isa = XCBuildConfiguration;
			buildSettings = {
				ASSETCATALOG_COMPILER_APPICON_NAME = AppIcon;
				ASSETCATALOG_COMPILER_GLOBAL_ACCENT_COLOR_NAME = AccentColor;
				CODE_SIGN_STYLE = Automatic;
				CURRENT_PROJECT_VERSION = 1;
				DEVELOPMENT_ASSET_PATHS = "\"SwiftUI_practice/Preview Content\"";
				DEVELOPMENT_TEAM = 92B5D498S7;
				ENABLE_PREVIEWS = YES;
				GENERATE_INFOPLIST_FILE = YES;
				INFOPLIST_KEY_UIApplicationSceneManifest_Generation = YES;
				INFOPLIST_KEY_UIApplicationSupportsIndirectInputEvents = YES;
				INFOPLIST_KEY_UILaunchScreen_Generation = YES;
				INFOPLIST_KEY_UISupportedInterfaceOrientations_iPad = "UIInterfaceOrientationPortrait UIInterfaceOrientationPortraitUpsideDown UIInterfaceOrientationLandscapeLeft UIInterfaceOrientationLandscapeRight";
				INFOPLIST_KEY_UISupportedInterfaceOrientations_iPhone = "UIInterfaceOrientationPortrait UIInterfaceOrientationLandscapeLeft UIInterfaceOrientationLandscapeRight";
				LD_RUNPATH_SEARCH_PATHS = (
					"$(inherited)",
					"@executable_path/Frameworks",
				);
				MARKETING_VERSION = 1.0;
				PRODUCT_BUNDLE_IDENTIFIER = "co.januaryOne.SwiftUI-practice";
				PRODUCT_NAME = "$(TARGET_NAME)";
				SWIFT_EMIT_LOC_STRINGS = YES;
				SWIFT_VERSION = 5.0;
				TARGETED_DEVICE_FAMILY = "1,2";
			};
			name = Release;
		};
/* End XCBuildConfiguration section */

/* Begin XCConfigurationList section */
		BB438BCF27D86D3000B6E922 /* Build configuration list for PBXProject "SwiftUI_practice" */ = {
			isa = XCConfigurationList;
			buildConfigurations = (
				BB438BE027D86D3000B6E922 /* Debug */,
				BB438BE127D86D3000B6E922 /* Release */,
			);
			defaultConfigurationIsVisible = 0;
			defaultConfigurationName = Release;
		};
		BB438BE227D86D3000B6E922 /* Build configuration list for PBXNativeTarget "SwiftUI_practice" */ = {
			isa = XCConfigurationList;
			buildConfigurations = (
				BB438BE327D86D3000B6E922 /* Debug */,
				BB438BE427D86D3000B6E922 /* Release */,
			);
			defaultConfigurationIsVisible = 0;
			defaultConfigurationName = Release;
		};
/* End XCConfigurationList section */
	};
	rootObject = BB438BCC27D86D3000B6E922 /* Project object */;
}
